
Microsoft Visual Studio Solution File, Format Version 12.00
# Visual Studio 15
VisualStudioVersion = 15.0.28307.168
MinimumVisualStudioVersion = 10.0.40219.1
Project("{FAE04EC0-301F-11D3-BF4B-00C04F79EFBC}") = "TikTacToe", "TikTacToe\TikTacToe.csproj", "{53D92814-F602-4108-A661-208E3E0F000B}"
EndProject
Global
	GlobalSection(SolutionConfigurationPlatforms) = preSolution
		Debug|Any CPU = Debug|Any CPU
		Release|Any CPU = Release|Any CPU
	EndGlobalSection
	GlobalSection(ProjectConfigurationPlatforms) = postSolution
		{53D92814-F602-4108-A661-208E3E0F000B}.Debug|Any CPU.ActiveCfg = Debug|Any CPU
		{53D92814-F602-4108-A661-208E3E0F000B}.Debug|Any CPU.Build.0 = Debug|Any CPU
		{53D92814-F602-4108-A661-208E3E0F000B}.Release|Any CPU.ActiveCfg = Release|Any CPU
		{53D92814-F602-4108-A661-208E3E0F000B}.Release|Any CPU.Build.0 = Release|Any CPU
	EndGlobalSection
	GlobalSection(SolutionProperties) = preSolution
		HideSolutionNode = FALSE
	EndGlobalSection
	GlobalSection(ExtensibilityGlobals) = postSolution
		SolutionGuid = {D1787FB5-9505-4DDA-9B8F-AB1AC9D679C4}
	EndGlobalSection
EndGlobal
