
Microsoft Visual Studio Solution File, Format Version 12.00
# Visual Studio 15
VisualStudioVersion = 15.0.28307.168
MinimumVisualStudioVersion = 10.0.40219.1
Project("{FAE04EC0-301F-11D3-BF4B-00C04F79EFBC}") = "ScoresAssignment3", "ScoresAssignment3\ScoresAssignment3.csproj", "{81D1D148-2E21-41B3-ACEF-756AFB829E75}"
EndProject
Global
	GlobalSection(SolutionConfigurationPlatforms) = preSolution
		Debug|Any CPU = Debug|Any CPU
		Release|Any CPU = Release|Any CPU
	EndGlobalSection
	GlobalSection(ProjectConfigurationPlatforms) = postSolution
		{81D1D148-2E21-41B3-ACEF-756AFB829E75}.Debug|Any CPU.ActiveCfg = Debug|Any CPU
		{81D1D148-2E21-41B3-ACEF-756AFB829E75}.Debug|Any CPU.Build.0 = Debug|Any CPU
		{81D1D148-2E21-41B3-ACEF-756AFB829E75}.Release|Any CPU.ActiveCfg = Release|Any CPU
		{81D1D148-2E21-41B3-ACEF-756AFB829E75}.Release|Any CPU.Build.0 = Release|Any CPU
	EndGlobalSection
	GlobalSection(SolutionProperties) = preSolution
		HideSolutionNode = FALSE
	EndGlobalSection
	GlobalSection(ExtensibilityGlobals) = postSolution
		SolutionGuid = {0E439340-B69D-43D2-BAE1-2089F951D402}
	EndGlobalSection
EndGlobal
